
Microsoft Visual Studio Solution File, Format Version 12.00
# Visual Studio 15
VisualStudioVersion = 15.0.28307.572
MinimumVisualStudioVersion = 10.0.40219.1
Project("{888888A0-9F3D-457C-B088-3A5042F75D52}") = "RandomPasswordGenerator", "RandomPasswordGenerator\RandomPasswordGenerator.pyproj", "{BE18F8B1-C210-463E-806F-DD506A53CB45}"
EndProject
Global
	GlobalSection(SolutionConfigurationPlatforms) = preSolution
		Debug|Any CPU = Debug|Any CPU
		Release|Any CPU = Release|Any CPU
	EndGlobalSection
	GlobalSection(ProjectConfigurationPlatforms) = postSolution
		{BE18F8B1-C210-463E-806F-DD506A53CB45}.Debug|Any CPU.ActiveCfg = Debug|Any CPU
		{BE18F8B1-C210-463E-806F-DD506A53CB45}.Release|Any CPU.ActiveCfg = Release|Any CPU
	EndGlobalSection
	GlobalSection(SolutionProperties) = preSolution
		HideSolutionNode = FALSE
	EndGlobalSection
	GlobalSection(ExtensibilityGlobals) = postSolution
		SolutionGuid = {A3BE3B80-0D6A-48B6-AC83-4A4EFC176FF1}
	EndGlobalSection
EndGlobal
